
Microsoft Visual Studio Solution File, Format Version 12.00
# Visual Studio 2012
Project("{FAE04EC0-301F-11D3-BF4B-00C04F79EFBC}") = "InternetTime", "InternetTime\InternetTime.csproj", "{EFDA3B50-4037-4230-8389-AD5964B6F7FF}"
EndProject
Project("{FAE04EC0-301F-11D3-BF4B-00C04F79EFBC}") = "InternetTime.Test", "InternetTime.Test\InternetTime.Test.csproj", "{FABE0935-F41D-4715-8268-1D1CF86A68B0}"
EndProject
Global
	GlobalSection(SolutionConfigurationPlatforms) = preSolution
		Debug|Any CPU = Debug|Any CPU
		Release|Any CPU = Release|Any CPU
	EndGlobalSection
	GlobalSection(ProjectConfigurationPlatforms) = postSolution
		{EFDA3B50-4037-4230-8389-AD5964B6F7FF}.Debug|Any CPU.ActiveCfg = Debug|Any CPU
		{EFDA3B50-4037-4230-8389-AD5964B6F7FF}.Debug|Any CPU.Build.0 = Debug|Any CPU
		{EFDA3B50-4037-4230-8389-AD5964B6F7FF}.Release|Any CPU.ActiveCfg = Release|Any CPU
		{EFDA3B50-4037-4230-8389-AD5964B6F7FF}.Release|Any CPU.Build.0 = Release|Any CPU
		{FABE0935-F41D-4715-8268-1D1CF86A68B0}.Debug|Any CPU.ActiveCfg = Debug|Any CPU
		{FABE0935-F41D-4715-8268-1D1CF86A68B0}.Debug|Any CPU.Build.0 = Debug|Any CPU
		{FABE0935-F41D-4715-8268-1D1CF86A68B0}.Release|Any CPU.ActiveCfg = Release|Any CPU
		{FABE0935-F41D-4715-8268-1D1CF86A68B0}.Release|Any CPU.Build.0 = Release|Any CPU
	EndGlobalSection
	GlobalSection(SolutionProperties) = preSolution
		HideSolutionNode = FALSE
	EndGlobalSection
EndGlobal
